
Microsoft Visual Studio Solution File, Format Version 12.00
# Visual Studio 2015
Project("{FAE04EC0-301F-11D3-BF4B-00C04F79EFBC}") = "Sample_tetris", "Sample_tetris.csproj", "{4DEF94A7-27D9-2B89-EF61-E0F479DDB3AD}"
EndProject
Global
	GlobalSection(SolutionConfigurationPlatforms) = preSolution
		Debug|Any CPU = Debug|Any CPU
		Release|Any CPU = Release|Any CPU
	EndGlobalSection
	GlobalSection(ProjectConfigurationPlatforms) = postSolution
		{4DEF94A7-27D9-2B89-EF61-E0F479DDB3AD}.Debug|Any CPU.ActiveCfg = Debug|Any CPU
		{4DEF94A7-27D9-2B89-EF61-E0F479DDB3AD}.Debug|Any CPU.Build.0 = Debug|Any CPU
		{4DEF94A7-27D9-2B89-EF61-E0F479DDB3AD}.Release|Any CPU.ActiveCfg = Release|Any CPU
		{4DEF94A7-27D9-2B89-EF61-E0F479DDB3AD}.Release|Any CPU.Build.0 = Release|Any CPU
	EndGlobalSection
	GlobalSection(SolutionProperties) = preSolution
		HideSolutionNode = FALSE
	EndGlobalSection
EndGlobal
